
Microsoft Visual Studio Solution File, Format Version 12.00
# Visual Studio Version 16
VisualStudioVersion = 16.0.31702.278
MinimumVisualStudioVersion = 10.0.40219.1
Project("{FAE04EC0-301F-11D3-BF4B-00C04F79EFBC}") = "CursoDioDesignPatterns", "CursoDioDesignPatterns\CursoDioDesignPatterns.csproj", "{ED72920D-C85A-4FBC-869E-4F63915AD707}"
EndProject
Project("{FAE04EC0-301F-11D3-BF4B-00C04F79EFBC}") = "CursoDioDesignPatterns.Domain", "CursoDioDesignPatterns.Domain\CursoDioDesignPatterns.Domain.csproj", "{23D0105C-4860-45FB-9D1B-418B53BB4BAC}"
EndProject
Project("{FAE04EC0-301F-11D3-BF4B-00C04F79EFBC}") = "CursoDioDesignPatterns.Infra", "CursoDioDesignPatterns.Infra\CursoDioDesignPatterns.Infra.csproj", "{B076F415-5CAA-4134-9680-698BB0207129}"
EndProject
Global
	GlobalSection(SolutionConfigurationPlatforms) = preSolution
		Debug|Any CPU = Debug|Any CPU
		Release|Any CPU = Release|Any CPU
	EndGlobalSection
	GlobalSection(ProjectConfigurationPlatforms) = postSolution
		{ED72920D-C85A-4FBC-869E-4F63915AD707}.Debug|Any CPU.ActiveCfg = Debug|Any CPU
		{ED72920D-C85A-4FBC-869E-4F63915AD707}.Debug|Any CPU.Build.0 = Debug|Any CPU
		{ED72920D-C85A-4FBC-869E-4F63915AD707}.Release|Any CPU.ActiveCfg = Release|Any CPU
		{ED72920D-C85A-4FBC-869E-4F63915AD707}.Release|Any CPU.Build.0 = Release|Any CPU
		{23D0105C-4860-45FB-9D1B-418B53BB4BAC}.Debug|Any CPU.ActiveCfg = Debug|Any CPU
		{23D0105C-4860-45FB-9D1B-418B53BB4BAC}.Debug|Any CPU.Build.0 = Debug|Any CPU
		{23D0105C-4860-45FB-9D1B-418B53BB4BAC}.Release|Any CPU.ActiveCfg = Release|Any CPU
		{23D0105C-4860-45FB-9D1B-418B53BB4BAC}.Release|Any CPU.Build.0 = Release|Any CPU
		{B076F415-5CAA-4134-9680-698BB0207129}.Debug|Any CPU.ActiveCfg = Debug|Any CPU
		{B076F415-5CAA-4134-9680-698BB0207129}.Debug|Any CPU.Build.0 = Debug|Any CPU
		{B076F415-5CAA-4134-9680-698BB0207129}.Release|Any CPU.ActiveCfg = Release|Any CPU
		{B076F415-5CAA-4134-9680-698BB0207129}.Release|Any CPU.Build.0 = Release|Any CPU
	EndGlobalSection
	GlobalSection(SolutionProperties) = preSolution
		HideSolutionNode = FALSE
	EndGlobalSection
	GlobalSection(ExtensibilityGlobals) = postSolution
		SolutionGuid = {55E8A2AB-3042-407A-866D-EEA13288B791}
	EndGlobalSection
EndGlobal
